
Microsoft Visual Studio Solution File, Format Version 12.00
# Visual Studio 15
VisualStudioVersion = 15.0.27703.2047
MinimumVisualStudioVersion = 10.0.40219.1
Project("{2150E333-8FDC-42A3-9474-1A3956D46DE8}") = "DataAccess", "DataAccess", "{E5CD74AA-CA3F-47D0-B2AC-9EAE55DB6423}"
EndProject
Project("{2150E333-8FDC-42A3-9474-1A3956D46DE8}") = "Modules", "Modules", "{9233D4A7-D7F1-4407-97E6-863B2027AAD3}"
EndProject
Project("{2150E333-8FDC-42A3-9474-1A3956D46DE8}") = "Presentation", "Presentation", "{31F80F9C-3345-489D-8419-448CF6D928ED}"
EndProject
Project("{FAE04EC0-301F-11D3-BF4B-00C04F79EFBC}") = "ACHStore.Entities", "ACHStore.Entities\ACHStore.Entities.csproj", "{21E91FD2-018D-4E35-ABB0-78F71404BAD7}"
EndProject
Project("{FAE04EC0-301F-11D3-BF4B-00C04F79EFBC}") = "ACHStore.DataAccess", "ACHStore.DataAccess\ACHStore.DataAccess.csproj", "{0495CAF5-2D82-4E3A-BBDE-285F55BF9FA2}"
EndProject
Project("{FAE04EC0-301F-11D3-BF4B-00C04F79EFBC}") = "ACHStore.Modules.Common", "ACHStore.Modules.Common\ACHStore.Modules.Common.csproj", "{50F581B6-A34C-46E0-BB23-DDA634562BCF}"
EndProject
Project("{FAE04EC0-301F-11D3-BF4B-00C04F79EFBC}") = "ACHStore.Modules.Resources", "ACHStore.Modules.Resources\ACHStore.Modules.Resources.csproj", "{C5B6A02A-183D-4B5F-81F5-1EFDC71124E5}"
EndProject
Project("{FAE04EC0-301F-11D3-BF4B-00C04F79EFBC}") = "ACHStore.Modules", "ACHStore.Modules\ACHStore.Modules.csproj", "{884AA527-1D2F-4BF5-9BE5-2DC5FE75F563}"
EndProject
Project("{FAE04EC0-301F-11D3-BF4B-00C04F79EFBC}") = "ACHStore.Client.Models", "ACHStore.Client.Models\ACHStore.Client.Models.csproj", "{90B7C84C-C5C5-4144-BFA7-CC39B38B98FE}"
EndProject
Project("{FAE04EC0-301F-11D3-BF4B-00C04F79EFBC}") = "ACHStore.Client.Resources", "ACHStore.Client.Resources\ACHStore.Client.Resources.csproj", "{C9C2F781-C693-4CC1-B7E8-1D7811297D79}"
EndProject
Project("{FAE04EC0-301F-11D3-BF4B-00C04F79EFBC}") = "ACHStore.Client.Common", "ACHStore.Client.Common\ACHStore.Client.Common.csproj", "{88001DFF-5504-4507-9D7E-69986032D60E}"
EndProject
Project("{FAE04EC0-301F-11D3-BF4B-00C04F79EFBC}") = "ACHStroe.Client.Controls", "ACHStroe.Client.Controls\ACHStroe.Client.Controls.csproj", "{1CDADD95-A89F-424F-9111-728D4E433262}"
EndProject
Project("{FAE04EC0-301F-11D3-BF4B-00C04F79EFBC}") = "ACHStore.Client.WebApi", "ACHStore.Client.WebApi\ACHStore.Client.WebApi.csproj", "{CAE5DE49-A638-42D1-888E-0B97E72E1201}"
EndProject
Project("{2150E333-8FDC-42A3-9474-1A3956D46DE8}") = "Tests", "Tests", "{F123CB43-BF16-43C5-8D40-E99A61BB2479}"
EndProject
Project("{FAE04EC0-301F-11D3-BF4B-00C04F79EFBC}") = "ACHStore.Tests", "ACHStore.Tests\ACHStore.Tests.csproj", "{4E3527C5-6F3E-494A-97DC-97D6726B422C}"
EndProject
Project("{2150E333-8FDC-42A3-9474-1A3956D46DE8}") = "Common", "Common", "{CB6C139C-BEF8-4DC1-B6DB-FE5245C6E699}"
EndProject
Project("{FAE04EC0-301F-11D3-BF4B-00C04F79EFBC}") = "ACHStore.Common.Logging", "ACHStore.Common.Logging\ACHStore.Common.Logging.csproj", "{1CD58631-9DBA-4917-A5E4-CD009E825F04}"
EndProject
Global
	GlobalSection(SolutionConfigurationPlatforms) = preSolution
		Debug|Any CPU = Debug|Any CPU
		Release|Any CPU = Release|Any CPU
	EndGlobalSection
	GlobalSection(ProjectConfigurationPlatforms) = postSolution
		{21E91FD2-018D-4E35-ABB0-78F71404BAD7}.Debug|Any CPU.ActiveCfg = Debug|Any CPU
		{21E91FD2-018D-4E35-ABB0-78F71404BAD7}.Debug|Any CPU.Build.0 = Debug|Any CPU
		{21E91FD2-018D-4E35-ABB0-78F71404BAD7}.Release|Any CPU.ActiveCfg = Release|Any CPU
		{21E91FD2-018D-4E35-ABB0-78F71404BAD7}.Release|Any CPU.Build.0 = Release|Any CPU
		{0495CAF5-2D82-4E3A-BBDE-285F55BF9FA2}.Debug|Any CPU.ActiveCfg = Debug|Any CPU
		{0495CAF5-2D82-4E3A-BBDE-285F55BF9FA2}.Debug|Any CPU.Build.0 = Debug|Any CPU
		{0495CAF5-2D82-4E3A-BBDE-285F55BF9FA2}.Release|Any CPU.ActiveCfg = Release|Any CPU
		{0495CAF5-2D82-4E3A-BBDE-285F55BF9FA2}.Release|Any CPU.Build.0 = Release|Any CPU
		{50F581B6-A34C-46E0-BB23-DDA634562BCF}.Debug|Any CPU.ActiveCfg = Debug|Any CPU
		{50F581B6-A34C-46E0-BB23-DDA634562BCF}.Debug|Any CPU.Build.0 = Debug|Any CPU
		{50F581B6-A34C-46E0-BB23-DDA634562BCF}.Release|Any CPU.ActiveCfg = Release|Any CPU
		{50F581B6-A34C-46E0-BB23-DDA634562BCF}.Release|Any CPU.Build.0 = Release|Any CPU
		{C5B6A02A-183D-4B5F-81F5-1EFDC71124E5}.Debug|Any CPU.ActiveCfg = Debug|Any CPU
		{C5B6A02A-183D-4B5F-81F5-1EFDC71124E5}.Debug|Any CPU.Build.0 = Debug|Any CPU
		{C5B6A02A-183D-4B5F-81F5-1EFDC71124E5}.Release|Any CPU.ActiveCfg = Release|Any CPU
		{C5B6A02A-183D-4B5F-81F5-1EFDC71124E5}.Release|Any CPU.Build.0 = Release|Any CPU
		{884AA527-1D2F-4BF5-9BE5-2DC5FE75F563}.Debug|Any CPU.ActiveCfg = Debug|Any CPU
		{884AA527-1D2F-4BF5-9BE5-2DC5FE75F563}.Debug|Any CPU.Build.0 = Debug|Any CPU
		{884AA527-1D2F-4BF5-9BE5-2DC5FE75F563}.Release|Any CPU.ActiveCfg = Release|Any CPU
		{884AA527-1D2F-4BF5-9BE5-2DC5FE75F563}.Release|Any CPU.Build.0 = Release|Any CPU
		{90B7C84C-C5C5-4144-BFA7-CC39B38B98FE}.Debug|Any CPU.ActiveCfg = Debug|Any CPU
		{90B7C84C-C5C5-4144-BFA7-CC39B38B98FE}.Debug|Any CPU.Build.0 = Debug|Any CPU
		{90B7C84C-C5C5-4144-BFA7-CC39B38B98FE}.Release|Any CPU.ActiveCfg = Release|Any CPU
		{90B7C84C-C5C5-4144-BFA7-CC39B38B98FE}.Release|Any CPU.Build.0 = Release|Any CPU
		{C9C2F781-C693-4CC1-B7E8-1D7811297D79}.Debug|Any CPU.ActiveCfg = Debug|Any CPU
		{C9C2F781-C693-4CC1-B7E8-1D7811297D79}.Debug|Any CPU.Build.0 = Debug|Any CPU
		{C9C2F781-C693-4CC1-B7E8-1D7811297D79}.Release|Any CPU.ActiveCfg = Release|Any CPU
		{C9C2F781-C693-4CC1-B7E8-1D7811297D79}.Release|Any CPU.Build.0 = Release|Any CPU
		{88001DFF-5504-4507-9D7E-69986032D60E}.Debug|Any CPU.ActiveCfg = Debug|Any CPU
		{88001DFF-5504-4507-9D7E-69986032D60E}.Debug|Any CPU.Build.0 = Debug|Any CPU
		{88001DFF-5504-4507-9D7E-69986032D60E}.Release|Any CPU.ActiveCfg = Release|Any CPU
		{88001DFF-5504-4507-9D7E-69986032D60E}.Release|Any CPU.Build.0 = Release|Any CPU
		{1CDADD95-A89F-424F-9111-728D4E433262}.Debug|Any CPU.ActiveCfg = Debug|Any CPU
		{1CDADD95-A89F-424F-9111-728D4E433262}.Debug|Any CPU.Build.0 = Debug|Any CPU
		{1CDADD95-A89F-424F-9111-728D4E433262}.Release|Any CPU.ActiveCfg = Release|Any CPU
		{1CDADD95-A89F-424F-9111-728D4E433262}.Release|Any CPU.Build.0 = Release|Any CPU
		{CAE5DE49-A638-42D1-888E-0B97E72E1201}.Debug|Any CPU.ActiveCfg = Debug|Any CPU
		{CAE5DE49-A638-42D1-888E-0B97E72E1201}.Debug|Any CPU.Build.0 = Debug|Any CPU
		{CAE5DE49-A638-42D1-888E-0B97E72E1201}.Release|Any CPU.ActiveCfg = Release|Any CPU
		{CAE5DE49-A638-42D1-888E-0B97E72E1201}.Release|Any CPU.Build.0 = Release|Any CPU
		{4E3527C5-6F3E-494A-97DC-97D6726B422C}.Debug|Any CPU.ActiveCfg = Debug|Any CPU
		{4E3527C5-6F3E-494A-97DC-97D6726B422C}.Debug|Any CPU.Build.0 = Debug|Any CPU
		{4E3527C5-6F3E-494A-97DC-97D6726B422C}.Release|Any CPU.ActiveCfg = Release|Any CPU
		{4E3527C5-6F3E-494A-97DC-97D6726B422C}.Release|Any CPU.Build.0 = Release|Any CPU
		{1CD58631-9DBA-4917-A5E4-CD009E825F04}.Debug|Any CPU.ActiveCfg = Debug|Any CPU
		{1CD58631-9DBA-4917-A5E4-CD009E825F04}.Debug|Any CPU.Build.0 = Debug|Any CPU
		{1CD58631-9DBA-4917-A5E4-CD009E825F04}.Release|Any CPU.ActiveCfg = Release|Any CPU
		{1CD58631-9DBA-4917-A5E4-CD009E825F04}.Release|Any CPU.Build.0 = Release|Any CPU
	EndGlobalSection
	GlobalSection(SolutionProperties) = preSolution
		HideSolutionNode = FALSE
	EndGlobalSection
	GlobalSection(NestedProjects) = preSolution
		{21E91FD2-018D-4E35-ABB0-78F71404BAD7} = {E5CD74AA-CA3F-47D0-B2AC-9EAE55DB6423}
		{0495CAF5-2D82-4E3A-BBDE-285F55BF9FA2} = {E5CD74AA-CA3F-47D0-B2AC-9EAE55DB6423}
		{50F581B6-A34C-46E0-BB23-DDA634562BCF} = {9233D4A7-D7F1-4407-97E6-863B2027AAD3}
		{C5B6A02A-183D-4B5F-81F5-1EFDC71124E5} = {9233D4A7-D7F1-4407-97E6-863B2027AAD3}
		{884AA527-1D2F-4BF5-9BE5-2DC5FE75F563} = {9233D4A7-D7F1-4407-97E6-863B2027AAD3}
		{90B7C84C-C5C5-4144-BFA7-CC39B38B98FE} = {31F80F9C-3345-489D-8419-448CF6D928ED}
		{C9C2F781-C693-4CC1-B7E8-1D7811297D79} = {31F80F9C-3345-489D-8419-448CF6D928ED}
		{88001DFF-5504-4507-9D7E-69986032D60E} = {31F80F9C-3345-489D-8419-448CF6D928ED}
		{1CDADD95-A89F-424F-9111-728D4E433262} = {31F80F9C-3345-489D-8419-448CF6D928ED}
		{CAE5DE49-A638-42D1-888E-0B97E72E1201} = {31F80F9C-3345-489D-8419-448CF6D928ED}
		{4E3527C5-6F3E-494A-97DC-97D6726B422C} = {F123CB43-BF16-43C5-8D40-E99A61BB2479}
		{1CD58631-9DBA-4917-A5E4-CD009E825F04} = {CB6C139C-BEF8-4DC1-B6DB-FE5245C6E699}
	EndGlobalSection
	GlobalSection(ExtensibilityGlobals) = postSolution
		SolutionGuid = {C2FEF596-C139-40C3-868C-DDB93F2BB85A}
	EndGlobalSection
EndGlobal
